{
  "version": 4,
  "terraform_version": "1.12.2",
  "serial": 52,
  "lineage": "a6d323fb-a526-1666-ac12-f16bdcb7f913",
  "outputs": {},
  "resources": [
    {
      "mode": "managed",
      "type": "scalingo_addon",
      "name": "db",
      "provider": "provider[\"registry.terraform.io/scalingo/scalingo\"]",
      "instances": [
        {
          "schema_version": 0,
          "attributes": {
            "app": "6863e0a90cbf3c7822f7a595",
            "database_features": [],
            "id": "ad-c48eb953-f19c-4ce8-9d22-a3c04c293a72",
            "plan": "mysql-starter-512",
            "plan_id": "5c9bad9e26e28200e79ad3d0",
            "provider_id": "mysql",
            "resource_id": "python_api_659"
          },
          "sensitive_attributes": [],
          "identity_schema_version": 0,
          "private": "bnVsbA==",
          "dependencies": [
            "scalingo_app.python-api"
          ]
        }
      ]
    },
    {
      "mode": "managed",
      "type": "scalingo_app",
      "name": "python-api",
      "provider": "provider[\"registry.terraform.io/scalingo/scalingo\"]",
      "instances": []
    },
    {
      "mode": "managed",
      "type": "scalingo_app",
      "name": "react-frontend",
      "provider": "provider[\"registry.terraform.io/scalingo/scalingo\"]",
      "instances": [
        {
          "schema_version": 0,
          "attributes": {
            "all_environment": {
              "BUILDPACK_URL": "https://github.com/NawfelHilal/ci_cd_react_form"
            },
            "base_url": "https://react-frontend.osc-fr1.scalingo.io",
            "environment": {
              "BUILDPACK_URL": "https://github.com/NawfelHilal/ci_cd_react_form"
            },
            "force_https": false,
            "git_url": "git@ssh.osc-fr1.scalingo.com:react-frontend.git",
            "id": "686cda8328b60619624ab66d",
            "name": "react-frontend",
            "router_logs": false,
            "stack_id": "st-7ccbf8e6-04d3-4e2c-98e3-604a4700cebc",
            "sticky_session": false,
            "url": "https://react-frontend.osc-fr1.scalingo.io"
          },
          "sensitive_attributes": [],
          "identity_schema_version": 0,
          "private": "bnVsbA=="
        }
      ]
    }
  ],
  "check_results": null
}
