{
  "version": 4,
  "terraform_version": "1.12.2",
  "serial": 47,
  "lineage": "a6d323fb-a526-1666-ac12-f16bdcb7f913",
  "outputs": {},
  "resources": [
    {
      "mode": "managed",
      "type": "scalingo_addon",
      "name": "db",
      "provider": "provider[\"registry.terraform.io/scalingo/scalingo\"]",
      "instances": [
        {
          "schema_version": 0,
          "attributes": {
            "app": "6863e0a90cbf3c7822f7a595",
            "database_features": [],
            "id": "ad-c48eb953-f19c-4ce8-9d22-a3c04c293a72",
            "plan": "mysql-starter-512",
            "plan_id": "5c9bad9e26e28200e79ad3d0",
            "provider_id": "mysql",
            "resource_id": "python_api_659"
          },
          "sensitive_attributes": [],
          "identity_schema_version": 0,
          "private": "bnVsbA==",
          "dependencies": [
            "scalingo_app.python-api"
          ]
        }
      ]
    },
    {
      "mode": "managed",
      "type": "scalingo_container_type",
      "name": "web",
      "provider": "provider[\"registry.terraform.io/scalingo/scalingo\"]",
      "instances": [
        {
          "schema_version": 0,
          "attributes": {
            "amount": 1,
            "app": "python-api",
            "id": "python-api:web",
            "name": "web",
            "size": "S"
          },
          "sensitive_attributes": [],
          "identity_schema_version": 0,
          "private": "bnVsbA==",
          "dependencies": [
            "scalingo_app.python-api"
          ]
        }
      ]
    }
  ],
  "check_results": null
}
